<?xml version="1.0" encoding="utf-8"?>
<Project ToolsVersion="4.0" xmlns="http://schemas.microsoft.com/developer/msbuild/2003">
  <ItemGroup>
    <Filter Include="Source Files">
      <UniqueIdentifier>{4FC737F1-C7A5-4376-A066-2A32D752A2FF}</UniqueIdentifier>
      <Extensions>cpp;c;cc;cxx;def;odl;idl;hpj;bat;asm;asmx</Extensions>
    </Filter>
    <Filter Include="Header Files">
      <UniqueIdentifier>{93995380-89BD-4b04-88EB-625FBE52EBFB}</UniqueIdentifier>
      <Extensions>h;hh;hpp;hxx;hm;inl;inc;xsd</Extensions>
    </Filter>
    <Filter Include="Resource Files">
      <UniqueIdentifier>{67DA6AB6-F800-4c08-8B7A-83BB121AAD01}</UniqueIdentifier>
      <Extensions>rc;ico;cur;bmp;dlg;rc2;rct;bin;rgs;gif;jpg;jpeg;jpe;resx;tiff;tif;png;wav;mfcribbon-ms</Extensions>
    </Filter>
    <Filter Include="Header Files\hde">
      <UniqueIdentifier>{9f13557b-9530-40f5-b822-4782b6d85733}</UniqueIdentifier>
    </Filter>
    <Filter Include="Source Files\hde">
      <UniqueIdentifier>{a24310de-3bc1-4339-98f9-0ebf3c162202}</UniqueIdentifier>
    </Filter>
  </ItemGroup>
  <ItemGroup>
    <ClCompile Include="buffer.c">
      <Filter>Source Files</Filter>
    </ClCompile>
    <ClCompile Include="hook.c">
      <Filter>Source Files</Filter>
    </ClCompile>
    <ClCompile Include="trampoline.c">
      <Filter>Source Files</Filter>
    </ClCompile>
    <ClCompile Include="hde32.c">
      <Filter>Source Files\hde</Filter>
    </ClCompile>
    <ClCompile Include="hde64.c">
      <Filter>Source Files\hde</Filter>
    </ClCompile>
  </ItemGroup>
  <ItemGroup>
    <ClInclude Include="buffer.h">
      <Filter>Header Files</Filter>
    </ClInclude>
    <ClInclude Include="MinHook.h">
      <Filter>Header Files</Filter>
    </ClInclude>
    <ClInclude Include="trampoline.h">
      <Filter>Header Files</Filter>
    </ClInclude>
    <ClInclude Include="hde32.h">
      <Filter>Header Files\hde</Filter>
    </ClInclude>
    <ClInclude Include="hde64.h">
      <Filter>Header Files\hde</Filter>
    </ClInclude>
    <ClInclude Include="pstdint.h">
      <Filter>Header Files\hde</Filter>
    </ClInclude>
    <ClInclude Include="table32.h">
      <Filter>Header Files\hde</Filter>
    </ClInclude>
    <ClInclude Include="table64.h">
      <Filter>Header Files\hde</Filter>
    </ClInclude>
  </ItemGroup>
</Project>