<?xml version="1.0" encoding="utf-8"?>
<Project ToolsVersion="4.0" xmlns="http://schemas.microsoft.com/developer/msbuild/2003">
  <ItemGroup>
    <Filter Include="Source Files">
      <UniqueIdentifier>{4FC737F1-C7A5-4376-A066-2A32D752A2FF}</UniqueIdentifier>
      <Extensions>cpp;c;cc;cxx;def;odl;idl;hpj;bat;asm;asmx</Extensions>
    </Filter>
    <Filter Include="Header Files">
      <UniqueIdentifier>{93995380-89BD-4b04-88EB-625FBE52EBFB}</UniqueIdentifier>
      <Extensions>h;hh;hpp;hxx;hm;inl;inc;xsd</Extensions>
    </Filter>
    <Filter Include="Resource Files">
      <UniqueIdentifier>{67DA6AB6-F800-4c08-8B7A-83BB121AAD01}</UniqueIdentifier>
      <Extensions>rc;ico;cur;bmp;dlg;rc2;rct;bin;rgs;gif;jpg;jpeg;jpe;resx;tiff;tif;png;wav;mfcribbon-ms</Extensions>
    </Filter>
    <Filter Include="Header Files\Hooks">
      <UniqueIdentifier>{882f08fe-03fd-4893-ae95-f4536227d73f}</UniqueIdentifier>
    </Filter>
    <Filter Include="Source Files\Hooks">
      <UniqueIdentifier>{42f6d3ae-3c3d-403a-8fb4-9e998326d33e}</UniqueIdentifier>
    </Filter>
    <Filter Include="Header Files\Mods">
      <UniqueIdentifier>{be4e4952-bfe1-4934-810c-bc56c1ae3fe9}</UniqueIdentifier>
    </Filter>
    <Filter Include="Source Files\Mods">
      <UniqueIdentifier>{ae5e14e8-030e-47ec-9c99-85d9da50b311}</UniqueIdentifier>
    </Filter>
    <Filter Include="Header Files\Mabinogi">
      <UniqueIdentifier>{3558ca3c-c84a-45ee-a1c7-f6595908b22a}</UniqueIdentifier>
    </Filter>
    <Filter Include="Source Files\Mabinogi">
      <UniqueIdentifier>{8e4d3478-9c71-480c-b343-4048dac23a43}</UniqueIdentifier>
    </Filter>
  </ItemGroup>
  <ItemGroup>
    <ClCompile Include="KananInit.cpp">
      <Filter>Source Files</Filter>
    </ClCompile>
    <ClCompile Include="D3D9Hook.cpp">
      <Filter>Source Files\Hooks</Filter>
    </ClCompile>
    <ClCompile Include="Kanan.cpp">
      <Filter>Source Files</Filter>
    </ClCompile>
    <ClCompile Include="Log.cpp">
      <Filter>Source Files</Filter>
    </ClCompile>
    <ClCompile Include="DInputHook.cpp">
      <Filter>Source Files\Hooks</Filter>
    </ClCompile>
    <ClCompile Include="WindowsMessageHook.cpp">
      <Filter>Source Files\Hooks</Filter>
    </ClCompile>
    <ClCompile Include="Mods.cpp">
      <Filter>Source Files</Filter>
    </ClCompile>
    <ClCompile Include="KCharacter.cpp">
      <Filter>Source Files\Mabinogi</Filter>
    </ClCompile>
    <ClCompile Include="Game.cpp">
      <Filter>Source Files</Filter>
    </ClCompile>
    <ClCompile Include="EntityViewer.cpp">
      <Filter>Source Files\Mods</Filter>
    </ClCompile>
    <ClCompile Include="KItem.cpp">
      <Filter>Source Files\Mabinogi</Filter>
    </ClCompile>
    <ClCompile Include="AutoSetMTU.cpp">
      <Filter>Source Files\Mods</Filter>
    </ClCompile>
    <ClCompile Include="BorderlessWindow.cpp">
      <Filter>Source Files\Mods</Filter>
    </ClCompile>
    <ClCompile Include="DisableNagle.cpp">
      <Filter>Source Files\Mods</Filter>
    </ClCompile>
    <ClCompile Include="EnableMultiClient.cpp">
      <Filter>Source Files\Mods</Filter>
    </ClCompile>
    <ClCompile Include="RangedAttackSwap.cpp">
      <Filter>Source Files\Mods</Filter>
    </ClCompile>
    <ClCompile Include="PatchMod.cpp">
      <Filter>Source Files</Filter>
    </ClCompile>
    <ClCompile Include="ColorAltText.cpp">
      <Filter>Source Files\Mods</Filter>
    </ClCompile>
    <ClCompile Include="EquipmentOverride.cpp">
      <Filter>Source Files\Mods</Filter>
    </ClCompile>
    <ClCompile Include="FieldOfView.cpp">
      <Filter>Source Files\Mods</Filter>
    </ClCompile>
    <ClCompile Include="UseDataFolder.cpp">
      <Filter>Source Files\Mods</Filter>
    </ClCompile>
    <ClCompile Include="FreezeTimeOfDay.cpp">
      <Filter>Source Files\Mods</Filter>
    </ClCompile>
    <ClCompile Include="TTFFontSize.cpp">
      <Filter>Source Files\Mods</Filter>
    </ClCompile>
    <ClCompile Include="SecondaryPassword.cpp">
      <Filter>Source Files\Mods</Filter>
    </ClCompile>
    <ClCompile Include="StatusUI.cpp">
      <Filter>Source Files\Mods</Filter>
    </ClCompile>
    <ClCompile Include="LoginScreen.cpp">
      <Filter>Source Files\Mods</Filter>
    </ClCompile>
  </ItemGroup>
  <ItemGroup>
    <ClInclude Include="D3D9Hook.hpp">
      <Filter>Header Files\Hooks</Filter>
    </ClInclude>
    <ClInclude Include="Kanan.hpp">
      <Filter>Header Files</Filter>
    </ClInclude>
    <ClInclude Include="Log.hpp">
      <Filter>Header Files</Filter>
    </ClInclude>
    <ClInclude Include="DInputHook.hpp">
      <Filter>Header Files\Hooks</Filter>
    </ClInclude>
    <ClInclude Include="WindowsMessageHook.hpp">
      <Filter>Header Files\Hooks</Filter>
    </ClInclude>
    <ClInclude Include="Game.hpp">
      <Filter>Header Files</Filter>
    </ClInclude>
    <ClInclude Include="Mod.hpp">
      <Filter>Header Files</Filter>
    </ClInclude>
    <ClInclude Include="Mods.hpp">
      <Filter>Header Files</Filter>
    </ClInclude>
    <ClInclude Include="Mabinogi.hpp">
      <Filter>Header Files\Mabinogi</Filter>
    </ClInclude>
    <ClInclude Include="KCharacter.hpp">
      <Filter>Header Files\Mabinogi</Filter>
    </ClInclude>
    <ClInclude Include="EntityViewer.hpp">
      <Filter>Header Files\Mods</Filter>
    </ClInclude>
    <ClInclude Include="KItem.hpp">
      <Filter>Header Files\Mabinogi</Filter>
    </ClInclude>
    <ClInclude Include="AutoSetMTU.hpp">
      <Filter>Header Files\Mods</Filter>
    </ClInclude>
    <ClInclude Include="BorderlessWindow.hpp">
      <Filter>Header Files\Mods</Filter>
    </ClInclude>
    <ClInclude Include="DisableNagle.hpp">
      <Filter>Header Files\Mods</Filter>
    </ClInclude>
    <ClInclude Include="EnableMultiClient.hpp">
      <Filter>Header Files\Mods</Filter>
    </ClInclude>
    <ClInclude Include="RangedAttackSwap.hpp">
      <Filter>Header Files\Mods</Filter>
    </ClInclude>
    <ClInclude Include="PatchMod.hpp">
      <Filter>Header Files</Filter>
    </ClInclude>
    <ClInclude Include="ColorAltText.hpp">
      <Filter>Header Files\Mods</Filter>
    </ClInclude>
    <ClInclude Include="EquipmentOverride.hpp">
      <Filter>Header Files\Mods</Filter>
    </ClInclude>
    <ClInclude Include="FieldOfView.hpp">
      <Filter>Header Files\Mods</Filter>
    </ClInclude>
    <ClInclude Include="UseDataFolder.hpp">
      <Filter>Header Files\Mods</Filter>
    </ClInclude>
    <ClInclude Include="FreezeTimeOfDay.hpp">
      <Filter>Header Files\Mods</Filter>
    </ClInclude>
    <ClInclude Include="TTFFontSize.hpp">
      <Filter>Header Files\Mods</Filter>
    </ClInclude>
    <ClInclude Include="SecondaryPassword.hpp">
      <Filter>Header Files\Mods</Filter>
    </ClInclude>
    <ClInclude Include="FontData.hpp">
      <Filter>Header Files</Filter>
    </ClInclude>
    <ClInclude Include="StatusUI.hpp">
      <Filter>Header Files\Mods</Filter>
    </ClInclude>
    <ClInclude Include="LoginScreen.hpp">
      <Filter>Header Files\Mods</Filter>
    </ClInclude>
  </ItemGroup>
  <ItemGroup>
    <None Include="Patches.json" />
  </ItemGroup>
</Project>